
Microsoft Visual Studio Solution File, Format Version 12.00
# Visual Studio Version 17
VisualStudioVersion = 17.9.34607.119
MinimumVisualStudioVersion = 10.0.40219.1
Project("{FAE04EC0-301F-11D3-BF4B-00C04F79EFBC}") = "Tarea de semana 2", "Tarea de semana 2\Tarea de semana 2.csproj", "{FE6B4DFF-C2C7-49D2-AC03-DADA39FA13E2}"
EndProject
Global
	GlobalSection(SolutionConfigurationPlatforms) = preSolution
		Debug|Any CPU = Debug|Any CPU
		Release|Any CPU = Release|Any CPU
	EndGlobalSection
	GlobalSection(ProjectConfigurationPlatforms) = postSolution
		{FE6B4DFF-C2C7-49D2-AC03-DADA39FA13E2}.Debug|Any CPU.ActiveCfg = Debug|Any CPU
		{FE6B4DFF-C2C7-49D2-AC03-DADA39FA13E2}.Debug|Any CPU.Build.0 = Debug|Any CPU
		{FE6B4DFF-C2C7-49D2-AC03-DADA39FA13E2}.Release|Any CPU.ActiveCfg = Release|Any CPU
		{FE6B4DFF-C2C7-49D2-AC03-DADA39FA13E2}.Release|Any CPU.Build.0 = Release|Any CPU
	EndGlobalSection
	GlobalSection(SolutionProperties) = preSolution
		HideSolutionNode = FALSE
	EndGlobalSection
	GlobalSection(ExtensibilityGlobals) = postSolution
		SolutionGuid = {305202B1-94C7-4BE8-9C2E-278F6AD1270E}
	EndGlobalSection
EndGlobal
